{
  "name": "fence-check",
  "version": "0.1.0",
  "lockfileVersion": 3,
  "requires": true,
  "packages": {
    "": {
      "name": "fence-check",
      "version": "0.1.0",
      "dependencies": {
        "tree-sitter-wasm": "1.1.4",
        "web-tree-sitter": "0.26.12"
      },
      "devDependencies": {
        "@types/node": "^24.0.0",
        "tree-sitter-cli": "^0.26.8"
      }
    },
    "node_modules/@types/node": {
      "version": "24.13.3",
      "resolved": "https://registry.npmjs.org/@types/node/-/node-24.13.3.tgz",
      "integrity": "sha512-Dh8vAsV36ig5wa9OX4pXvMc9D3Veibfw2wix0CUwYODLD8nkj9UsLjASr49nPg+2eKzxhBV+v7L8pXvT4e639Q==",
      "dev": true,
      "license": "MIT",
      "dependencies": {
        "undici-types": "~7.18.0"
      }
    },
    "node_modules/tree-sitter-cli": {
      "version": "0.26.8",
      "resolved": "https://registry.npmjs.org/tree-sitter-cli/-/tree-sitter-cli-0.26.8.tgz",
      "integrity": "sha512-teQFMF5V/g8aIdakZ0M/eZoedCM3MuBt1JuDOICLloA2hy7QfeOInb99U6wiML4qXcBHWREwf0U1TWzw7p67YA==",
      "dev": true,
      "hasInstallScript": true,
      "license": "MIT",
      "bin": {
        "tree-sitter": "cli.js"
      },
      "engines": {
        "node": ">=12.0.0"
      }
    },
    "node_modules/tree-sitter-wasm": {
      "version": "1.1.4",
      "resolved": "https://registry.npmjs.org/tree-sitter-wasm/-/tree-sitter-wasm-1.1.4.tgz",
      "integrity": "sha512-+vvWfbH1fPzB8BBhoqH9j2GSyyPyTa9Fgkh7qQOadxQM7O7h0PsGwnvVPLW86fb/DwWH1nNxW4naVbiVgRIeBw==",
      "license": "MIT"
    },
    "node_modules/undici-types": {
      "version": "7.18.2",
      "resolved": "https://registry.npmjs.org/undici-types/-/undici-types-7.18.2.tgz",
      "integrity": "sha512-AsuCzffGHJybSaRrmr5eHr81mwJU3kjw6M+uprWvCXiNeN9SOGwQ3Jn8jb8m3Z6izVgknn1R0FTCEAP2QrLY/w==",
      "dev": true,
      "license": "MIT"
    },
    "node_modules/web-tree-sitter": {
      "version": "0.26.12",
      "resolved": "https://registry.npmjs.org/web-tree-sitter/-/web-tree-sitter-0.26.12.tgz",
      "integrity": "sha512-fvqTNZQBGUgUgfP0mHw+iHf9Yf6bRQrp0A3pSf2v/hSKxkT1beCoIWoLVmlPL7O6dmySfSb/t1aJoJvrgTRStw==",
      "license": "MIT"
    }
  }
}
